
Microsoft Visual Studio Solution File, Format Version 12.00
# Visual Studio Version 17
VisualStudioVersion = 17.1.32210.238
MinimumVisualStudioVersion = 10.0.40219.1
Project("{FAE04EC0-301F-11D3-BF4B-00C04F79EFBC}") = "Entity 1", "Entity 1\Entity 1.csproj", "{6B426E3A-B3E3-4E05-A998-B85A10E7EB07}"
EndProject
Global
	GlobalSection(SolutionConfigurationPlatforms) = preSolution
		Debug|Any CPU = Debug|Any CPU
		Release|Any CPU = Release|Any CPU
	EndGlobalSection
	GlobalSection(ProjectConfigurationPlatforms) = postSolution
		{6B426E3A-B3E3-4E05-A998-B85A10E7EB07}.Debug|Any CPU.ActiveCfg = Debug|Any CPU
		{6B426E3A-B3E3-4E05-A998-B85A10E7EB07}.Debug|Any CPU.Build.0 = Debug|Any CPU
		{6B426E3A-B3E3-4E05-A998-B85A10E7EB07}.Release|Any CPU.ActiveCfg = Release|Any CPU
		{6B426E3A-B3E3-4E05-A998-B85A10E7EB07}.Release|Any CPU.Build.0 = Release|Any CPU
	EndGlobalSection
	GlobalSection(SolutionProperties) = preSolution
		HideSolutionNode = FALSE
	EndGlobalSection
	GlobalSection(ExtensibilityGlobals) = postSolution
		SolutionGuid = {A62845BC-0C67-4385-BB69-9E34D249BB4B}
	EndGlobalSection
EndGlobal
